
Microsoft Visual Studio Solution File, Format Version 12.00
# Visual Studio 15
VisualStudioVersion = 15.0.28010.2048
MinimumVisualStudioVersion = 10.0.40219.1
Project("{FAE04EC0-301F-11D3-BF4B-00C04F79EFBC}") = "UnitTesting", "UnitTesting\UnitTesting.csproj", "{9B85BEDF-8BB9-4B03-AA14-2986170354C9}"
EndProject
Global
	GlobalSection(SolutionConfigurationPlatforms) = preSolution
		Debug|Any CPU = Debug|Any CPU
		Release|Any CPU = Release|Any CPU
	EndGlobalSection
	GlobalSection(ProjectConfigurationPlatforms) = postSolution
		{9B85BEDF-8BB9-4B03-AA14-2986170354C9}.Debug|Any CPU.ActiveCfg = Debug|Any CPU
		{9B85BEDF-8BB9-4B03-AA14-2986170354C9}.Debug|Any CPU.Build.0 = Debug|Any CPU
		{9B85BEDF-8BB9-4B03-AA14-2986170354C9}.Release|Any CPU.ActiveCfg = Release|Any CPU
		{9B85BEDF-8BB9-4B03-AA14-2986170354C9}.Release|Any CPU.Build.0 = Release|Any CPU
	EndGlobalSection
	GlobalSection(SolutionProperties) = preSolution
		HideSolutionNode = FALSE
	EndGlobalSection
	GlobalSection(ExtensibilityGlobals) = postSolution
		SolutionGuid = {38939807-09C1-488C-8EF6-5DAC343C9C3F}
	EndGlobalSection
EndGlobal
